
Microsoft Visual Studio Solution File, Format Version 12.00
# Visual Studio 15
VisualStudioVersion = 15.0.26127.3
MinimumVisualStudioVersion = 10.0.40219.1
Project("{FAE04EC0-301F-11D3-BF4B-00C04F79EFBC}") = "PythonRouge", "PythonRouge\PythonRouge.csproj", "{51DABCC5-1E8C-4209-A56C-60E6BC9D10E0}"
EndProject
Project("{FAE04EC0-301F-11D3-BF4B-00C04F79EFBC}") = "PythonRouge.Server", "PythonRouge.Server\PythonRouge.Server.csproj", "{258759C5-FFAB-43B0-9B27-49EDBCABB954}"
EndProject
Global
	GlobalSection(SolutionConfigurationPlatforms) = preSolution
		Debug|Any CPU = Debug|Any CPU
		Release|Any CPU = Release|Any CPU
	EndGlobalSection
	GlobalSection(ProjectConfigurationPlatforms) = postSolution
		{51DABCC5-1E8C-4209-A56C-60E6BC9D10E0}.Debug|Any CPU.ActiveCfg = Debug|Any CPU
		{51DABCC5-1E8C-4209-A56C-60E6BC9D10E0}.Debug|Any CPU.Build.0 = Debug|Any CPU
		{51DABCC5-1E8C-4209-A56C-60E6BC9D10E0}.Release|Any CPU.ActiveCfg = Release|Any CPU
		{51DABCC5-1E8C-4209-A56C-60E6BC9D10E0}.Release|Any CPU.Build.0 = Release|Any CPU
		{258759C5-FFAB-43B0-9B27-49EDBCABB954}.Debug|Any CPU.ActiveCfg = Debug|Any CPU
		{258759C5-FFAB-43B0-9B27-49EDBCABB954}.Debug|Any CPU.Build.0 = Debug|Any CPU
		{258759C5-FFAB-43B0-9B27-49EDBCABB954}.Release|Any CPU.ActiveCfg = Release|Any CPU
		{258759C5-FFAB-43B0-9B27-49EDBCABB954}.Release|Any CPU.Build.0 = Release|Any CPU
	EndGlobalSection
	GlobalSection(SolutionProperties) = preSolution
		HideSolutionNode = FALSE
	EndGlobalSection
EndGlobal
